
Microsoft Visual Studio Solution File, Format Version 12.00
# Visual Studio 14
VisualStudioVersion = 14.0.25420.1
MinimumVisualStudioVersion = 10.0.40219.1
Project("{FAE04EC0-301F-11D3-BF4B-00C04F79EFBC}") = "Gestion", "Gestion\Gestion.csproj", "{12938406-CE3C-47B9-9467-B065EC11A21B}"
EndProject
Project("{FAE04EC0-301F-11D3-BF4B-00C04F79EFBC}") = "Entities", "Entities\Entities.csproj", "{A14D2C5C-9385-4808-85B6-A434808AA4CE}"
EndProject
Global
	GlobalSection(SolutionConfigurationPlatforms) = preSolution
		Debug|Any CPU = Debug|Any CPU
		Release|Any CPU = Release|Any CPU
	EndGlobalSection
	GlobalSection(ProjectConfigurationPlatforms) = postSolution
		{12938406-CE3C-47B9-9467-B065EC11A21B}.Debug|Any CPU.ActiveCfg = Debug|Any CPU
		{12938406-CE3C-47B9-9467-B065EC11A21B}.Debug|Any CPU.Build.0 = Debug|Any CPU
		{12938406-CE3C-47B9-9467-B065EC11A21B}.Release|Any CPU.ActiveCfg = Release|Any CPU
		{12938406-CE3C-47B9-9467-B065EC11A21B}.Release|Any CPU.Build.0 = Release|Any CPU
		{A14D2C5C-9385-4808-85B6-A434808AA4CE}.Debug|Any CPU.ActiveCfg = Debug|Any CPU
		{A14D2C5C-9385-4808-85B6-A434808AA4CE}.Debug|Any CPU.Build.0 = Debug|Any CPU
		{A14D2C5C-9385-4808-85B6-A434808AA4CE}.Release|Any CPU.ActiveCfg = Release|Any CPU
		{A14D2C5C-9385-4808-85B6-A434808AA4CE}.Release|Any CPU.Build.0 = Release|Any CPU
	EndGlobalSection
	GlobalSection(SolutionProperties) = preSolution
		HideSolutionNode = FALSE
	EndGlobalSection
EndGlobal
